
Microsoft Visual Studio Solution File, Format Version 12.00
# Visual Studio Version 16
VisualStudioVersion = 16.0.32901.82
MinimumVisualStudioVersion = 10.0.40219.1
Project("{FAE04EC0-301F-11D3-BF4B-00C04F79EFBC}") = "Another YW 4 Save Editor", "Another YW 4 Save Editor\Another YW 4 Save Editor.csproj", "{6E7D308F-7218-4DBA-83B4-0582E7351585}"
EndProject
Global
	GlobalSection(SolutionConfigurationPlatforms) = preSolution
		Debug|Any CPU = Debug|Any CPU
		Release|Any CPU = Release|Any CPU
	EndGlobalSection
	GlobalSection(ProjectConfigurationPlatforms) = postSolution
		{6E7D308F-7218-4DBA-83B4-0582E7351585}.Debug|Any CPU.ActiveCfg = Debug|Any CPU
		{6E7D308F-7218-4DBA-83B4-0582E7351585}.Debug|Any CPU.Build.0 = Debug|Any CPU
		{6E7D308F-7218-4DBA-83B4-0582E7351585}.Release|Any CPU.ActiveCfg = Release|Any CPU
		{6E7D308F-7218-4DBA-83B4-0582E7351585}.Release|Any CPU.Build.0 = Release|Any CPU
	EndGlobalSection
	GlobalSection(SolutionProperties) = preSolution
		HideSolutionNode = FALSE
	EndGlobalSection
	GlobalSection(ExtensibilityGlobals) = postSolution
		SolutionGuid = {7A9DEB83-34A6-4428-B360-9F2F5FE7D5E6}
	EndGlobalSection
EndGlobal
